// !$*UTF8*$!
{
	archiveVersion = 1;
	classes = {
	};
	objectVersion = 50;
	objects = {

/* Begin PBXBuildFile section */
		18D8F98F2650F3F600023282 /* AppDelegate.swift in Sources */ = {isa = PBXBuildFile; fileRef = 18D8F98E2650F3F600023282 /* AppDelegate.swift */; };
		18D8F9912650F3F600023282 /* SceneDelegate.swift in Sources */ = {isa = PBXBuildFile; fileRef = 18D8F9902650F3F600023282 /* SceneDelegate.swift */; };
		18D8F9932650F3F600023282 /* ViewController.swift in Sources */ = {isa = PBXBuildFile; fileRef = 18D8F9922650F3F600023282 /* ViewController.swift */; };
		18D8F9962650F3F600023282 /* Main.storyboard in Resources */ = {isa = PBXBuildFile; fileRef = 18D8F9942650F3F600023282 /* Main.storyboard */; };
		18D8F9992650F3F600023282 /* SwiftDemo.xcdatamodeld in Sources */ = {isa = PBXBuildFile; fileRef = 18D8F9972650F3F600023282 /* SwiftDemo.xcdatamodeld */; };
		18D8F99B2650F3F900023282 /* Assets.xcassets in Resources */ = {isa = PBXBuildFile; fileRef = 18D8F99A2650F3F900023282 /* Assets.xcassets */; };
		18D8F99E2650F3F900023282 /* LaunchScreen.storyboard in Resources */ = {isa = PBXBuildFile; fileRef = 18D8F99C2650F3F900023282 /* LaunchScreen.storyboard */; };
		18D8F9A92650F3F900023282 /* SwiftDemoTests.swift in Sources */ = {isa = PBXBuildFile; fileRef = 18D8F9A82650F3F900023282 /* SwiftDemoTests.swift */; };
		18D8F9B42650F3F900023282 /* SwiftDemoUITests.swift in Sources */ = {isa = PBXBuildFile; fileRef = 18D8F9B32650F3F900023282 /* SwiftDemoUITests.swift */; };
		18EE728826513B5400B564E7 /* NetworkUtil.swift in Sources */ = {isa = PBXBuildFile; fileRef = 18EE728726513B5400B564E7 /* NetworkUtil.swift */; };
		7CA22E98265235660010C7D7 /* ApiServices.swift in Sources */ = {isa = PBXBuildFile; fileRef = 7CA22E97265235660010C7D7 /* ApiServices.swift */; };
		7CB71F3A26535EE10084279C /* QuarterlyMobileDataUsage.swift in Sources */ = {isa = PBXBuildFile; fileRef = 7CB71F3926535EE10084279C /* QuarterlyMobileDataUsage.swift */; };
		7CB71F5F2653B37D0084279C /* CustomCell.swift in Sources */ = {isa = PBXBuildFile; fileRef = 7CB71F5E2653B37D0084279C /* CustomCell.swift */; };
		7CCF94422654A39800FCD895 /* YearMobileDataUsage.swift in Sources */ = {isa = PBXBuildFile; fileRef = 7CCF94412654A39800FCD895 /* YearMobileDataUsage.swift */; };
/* End PBXBuildFile section */

/* Begin PBXContainerItemProxy section */
		18D8F9A52650F3F900023282 /* PBXContainerItemProxy */ = {
			isa = PBXContainerItemProxy;
			containerPortal = 18D8F9832650F3F600023282 /* Project object */;
			proxyType = 1;
			remoteGlobalIDString = 18D8F98A2650F3F600023282;
			remoteInfo = SwiftDemo;
		};
		18D8F9B02650F3F900023282 /* PBXContainerItemProxy */ = {
			isa = PBXContainerItemProxy;
			containerPortal = 18D8F9832650F3F600023282 /* Project object */;
			proxyType = 1;
			remoteGlobalIDString = 18D8F98A2650F3F600023282;
			remoteInfo = SwiftDemo;
		};
/* End PBXContainerItemProxy section */

/* Begin PBXFileReference section */
		18D8F98B2650F3F600023282 /* SwiftDemo.app */ = {isa = PBXFileReference; explicitFileType = wrapper.application; includeInIndex = 0; path = SwiftDemo.app; sourceTree = BUILT_PRODUCTS_DIR; };
		18D8F98E2650F3F600023282 /* AppDelegate.swift */ = {isa = PBXFileReference; lastKnownFileType = sourcecode.swift; path = AppDelegate.swift; sourceTree = "<group>"; };
		18D8F9902650F3F600023282 /* SceneDelegate.swift */ = {isa = PBXFileReference; lastKnownFileType = sourcecode.swift; path = SceneDelegate.swift; sourceTree = "<group>"; };
		18D8F9922650F3F600023282 /* ViewController.swift */ = {isa = PBXFileReference; lastKnownFileType = sourcecode.swift; path = ViewController.swift; sourceTree = "<group>"; };
		18D8F9952650F3F600023282 /* Base */ = {isa = PBXFileReference; lastKnownFileType = file.storyboard; name = Base; path = Base.lproj/Main.storyboard; sourceTree = "<group>"; };
		18D8F9982650F3F600023282 /* SwiftDemo.xcdatamodel */ = {isa = PBXFileReference; lastKnownFileType = wrapper.xcdatamodel; path = SwiftDemo.xcdatamodel; sourceTree = "<group>"; };
		18D8F99A2650F3F900023282 /* Assets.xcassets */ = {isa = PBXFileReference; lastKnownFileType = folder.assetcatalog; path = Assets.xcassets; sourceTree = "<group>"; };
		18D8F99D2650F3F900023282 /* Base */ = {isa = PBXFileReference; lastKnownFileType = file.storyboard; name = Base; path = Base.lproj/LaunchScreen.storyboard; sourceTree = "<group>"; };
		18D8F99F2650F3F900023282 /* Info.plist */ = {isa = PBXFileReference; lastKnownFileType = text.plist.xml; path = Info.plist; sourceTree = "<group>"; };
		18D8F9A42650F3F900023282 /* SwiftDemoTests.xctest */ = {isa = PBXFileReference; explicitFileType = wrapper.cfbundle; includeInIndex = 0; path = SwiftDemoTests.xctest; sourceTree = BUILT_PRODUCTS_DIR; };
		18D8F9A82650F3F900023282 /* SwiftDemoTests.swift */ = {isa = PBXFileReference; lastKnownFileType = sourcecode.swift; path = SwiftDemoTests.swift; sourceTree = "<group>"; };
		18D8F9AA2650F3F900023282 /* Info.plist */ = {isa = PBXFileReference; lastKnownFileType = text.plist.xml; path = Info.plist; sourceTree = "<group>"; };
		18D8F9AF2650F3F900023282 /* SwiftDemoUITests.xctest */ = {isa = PBXFileReference; explicitFileType = wrapper.cfbundle; includeInIndex = 0; path = SwiftDemoUITests.xctest; sourceTree = BUILT_PRODUCTS_DIR; };
		18D8F9B32650F3F900023282 /* SwiftDemoUITests.swift */ = {isa = PBXFileReference; lastKnownFileType = sourcecode.swift; path = SwiftDemoUITests.swift; sourceTree = "<group>"; };
		18D8F9B52650F3F900023282 /* Info.plist */ = {isa = PBXFileReference; lastKnownFileType = text.plist.xml; path = Info.plist; sourceTree = "<group>"; };
		18EE728726513B5400B564E7 /* NetworkUtil.swift */ = {isa = PBXFileReference; lastKnownFileType = sourcecode.swift; path = NetworkUtil.swift; sourceTree = "<group>"; };
		7CA22E97265235660010C7D7 /* ApiServices.swift */ = {isa = PBXFileReference; lastKnownFileType = sourcecode.swift; path = ApiServices.swift; sourceTree = "<group>"; };
		7CB71F3926535EE10084279C /* QuarterlyMobileDataUsage.swift */ = {isa = PBXFileReference; lastKnownFileType = sourcecode.swift; path = QuarterlyMobileDataUsage.swift; sourceTree = "<group>"; };
		7CB71F5E2653B37D0084279C /* CustomCell.swift */ = {isa = PBXFileReference; lastKnownFileType = sourcecode.swift; path = CustomCell.swift; sourceTree = "<group>"; };
		7CCF94412654A39800FCD895 /* YearMobileDataUsage.swift */ = {isa = PBXFileReference; lastKnownFileType = sourcecode.swift; path = YearMobileDataUsage.swift; sourceTree = "<group>"; };
/* End PBXFileReference section */

/* Begin PBXFrameworksBuildPhase section */
		18D8F9882650F3F600023282 /* Frameworks */ = {
			isa = PBXFrameworksBuildPhase;
			buildActionMask = 2147483647;
			files = (
			);
			runOnlyForDeploymentPostprocessing = 0;
		};
		18D8F9A12650F3F900023282 /* Frameworks */ = {
			isa = PBXFrameworksBuildPhase;
			buildActionMask = 2147483647;
			files = (
			);
			runOnlyForDeploymentPostprocessing = 0;
		};
		18D8F9AC2650F3F900023282 /* Frameworks */ = {
			isa = PBXFrameworksBuildPhase;
			buildActionMask = 2147483647;
			files = (
			);
			runOnlyForDeploymentPostprocessing = 0;
		};
/* End PBXFrameworksBuildPhase section */

/* Begin PBXGroup section */
		18D8F9822650F3F600023282 = {
			isa = PBXGroup;
			children = (
				18D8F98D2650F3F600023282 /* SwiftDemo */,
				18D8F9A72650F3F900023282 /* SwiftDemoTests */,
				18D8F9B22650F3F900023282 /* SwiftDemoUITests */,
				18D8F98C2650F3F600023282 /* Products */,
			);
			sourceTree = "<group>";
		};
		18D8F98C2650F3F600023282 /* Products */ = {
			isa = PBXGroup;
			children = (
				18D8F98B2650F3F600023282 /* SwiftDemo.app */,
				18D8F9A42650F3F900023282 /* SwiftDemoTests.xctest */,
				18D8F9AF2650F3F900023282 /* SwiftDemoUITests.xctest */,
			);
			name = Products;
			sourceTree = "<group>";
		};
		18D8F98D2650F3F600023282 /* SwiftDemo */ = {
			isa = PBXGroup;
			children = (
				18D8F98E2650F3F600023282 /* AppDelegate.swift */,
				18D8F9902650F3F600023282 /* SceneDelegate.swift */,
				7CB71F5E2653B37D0084279C /* CustomCell.swift */,
				18D8F9922650F3F600023282 /* ViewController.swift */,
				7CA22E97265235660010C7D7 /* ApiServices.swift */,
				18EE728726513B5400B564E7 /* NetworkUtil.swift */,
				7CB71F3926535EE10084279C /* QuarterlyMobileDataUsage.swift */,
				7CCF94412654A39800FCD895 /* YearMobileDataUsage.swift */,
				18D8F9942650F3F600023282 /* Main.storyboard */,
				18D8F99A2650F3F900023282 /* Assets.xcassets */,
				18D8F99C2650F3F900023282 /* LaunchScreen.storyboard */,
				18D8F99F2650F3F900023282 /* Info.plist */,
				18D8F9972650F3F600023282 /* SwiftDemo.xcdatamodeld */,
			);
			path = SwiftDemo;
			sourceTree = "<group>";
		};
		18D8F9A72650F3F900023282 /* SwiftDemoTests */ = {
			isa = PBXGroup;
			children = (
				18D8F9A82650F3F900023282 /* SwiftDemoTests.swift */,
				18D8F9AA2650F3F900023282 /* Info.plist */,
			);
			path = SwiftDemoTests;
			sourceTree = "<group>";
		};
		18D8F9B22650F3F900023282 /* SwiftDemoUITests */ = {
			isa = PBXGroup;
			children = (
				18D8F9B32650F3F900023282 /* SwiftDemoUITests.swift */,
				18D8F9B52650F3F900023282 /* Info.plist */,
			);
			path = SwiftDemoUITests;
			sourceTree = "<group>";
		};
/* End PBXGroup section */

/* Begin PBXNativeTarget section */
		18D8F98A2650F3F600023282 /* SwiftDemo */ = {
			isa = PBXNativeTarget;
			buildConfigurationList = 18D8F9B82650F3F900023282 /* Build configuration list for PBXNativeTarget "SwiftDemo" */;
			buildPhases = (
				18D8F9872650F3F600023282 /* Sources */,
				18D8F9882650F3F600023282 /* Frameworks */,
				18D8F9892650F3F600023282 /* Resources */,
			);
			buildRules = (
			);
			dependencies = (
			);
			name = SwiftDemo;
			productName = SwiftDemo;
			productReference = 18D8F98B2650F3F600023282 /* SwiftDemo.app */;
			productType = "com.apple.product-type.application";
		};
		18D8F9A32650F3F900023282 /* SwiftDemoTests */ = {
			isa = PBXNativeTarget;
			buildConfigurationList = 18D8F9BB2650F3F900023282 /* Build configuration list for PBXNativeTarget "SwiftDemoTests" */;
			buildPhases = (
				18D8F9A02650F3F900023282 /* Sources */,
				18D8F9A12650F3F900023282 /* Frameworks */,
				18D8F9A22650F3F900023282 /* Resources */,
			);
			buildRules = (
			);
			dependencies = (
				18D8F9A62650F3F900023282 /* PBXTargetDependency */,
			);
			name = SwiftDemoTests;
			productName = SwiftDemoTests;
			productReference = 18D8F9A42650F3F900023282 /* SwiftDemoTests.xctest */;
			productType = "com.apple.product-type.bundle.unit-test";
		};
		18D8F9AE2650F3F900023282 /* SwiftDemoUITests */ = {
			isa = PBXNativeTarget;
			buildConfigurationList = 18D8F9BE2650F3F900023282 /* Build configuration list for PBXNativeTarget "SwiftDemoUITests" */;
			buildPhases = (
				18D8F9AB2650F3F900023282 /* Sources */,
				18D8F9AC2650F3F900023282 /* Frameworks */,
				18D8F9AD2650F3F900023282 /* Resources */,
			);
			buildRules = (
			);
			dependencies = (
				18D8F9B12650F3F900023282 /* PBXTargetDependency */,
			);
			name = SwiftDemoUITests;
			productName = SwiftDemoUITests;
			productReference = 18D8F9AF2650F3F900023282 /* SwiftDemoUITests.xctest */;
			productType = "com.apple.product-type.bundle.ui-testing";
		};
/* End PBXNativeTarget section */

/* Begin PBXProject section */
		18D8F9832650F3F600023282 /* Project object */ = {
			isa = PBXProject;
			attributes = {
				LastSwiftUpdateCheck = 1230;
				LastUpgradeCheck = 1230;
				TargetAttributes = {
					18D8F98A2650F3F600023282 = {
						CreatedOnToolsVersion = 12.3;
					};
					18D8F9A32650F3F900023282 = {
						CreatedOnToolsVersion = 12.3;
						TestTargetID = 18D8F98A2650F3F600023282;
					};
					18D8F9AE2650F3F900023282 = {
						CreatedOnToolsVersion = 12.3;
						TestTargetID = 18D8F98A2650F3F600023282;
					};
				};
			};
			buildConfigurationList = 18D8F9862650F3F600023282 /* Build configuration list for PBXProject "SwiftDemo" */;
			compatibilityVersion = "Xcode 9.3";
			developmentRegion = en;
			hasScannedForEncodings = 0;
			knownRegions = (
				en,
				Base,
			);
			mainGroup = 18D8F9822650F3F600023282;
			productRefGroup = 18D8F98C2650F3F600023282 /* Products */;
			projectDirPath = "";
			projectRoot = "";
			targets = (
				18D8F98A2650F3F600023282 /* SwiftDemo */,
				18D8F9A32650F3F900023282 /* SwiftDemoTests */,
				18D8F9AE2650F3F900023282 /* SwiftDemoUITests */,
			);
		};
/* End PBXProject section */

/* Begin PBXResourcesBuildPhase section */
		18D8F9892650F3F600023282 /* Resources */ = {
			isa = PBXResourcesBuildPhase;
			buildActionMask = 2147483647;
			files = (
				18D8F99E2650F3F900023282 /* LaunchScreen.storyboard in Resources */,
				18D8F99B2650F3F900023282 /* Assets.xcassets in Resources */,
				18D8F9962650F3F600023282 /* Main.storyboard in Resources */,
			);
			runOnlyForDeploymentPostprocessing = 0;
		};
		18D8F9A22650F3F900023282 /* Resources */ = {
			isa = PBXResourcesBuildPhase;
			buildActionMask = 2147483647;
			files = (
			);
			runOnlyForDeploymentPostprocessing = 0;
		};
		18D8F9AD2650F3F900023282 /* Resources */ = {
			isa = PBXResourcesBuildPhase;
			buildActionMask = 2147483647;
			files = (
			);
			runOnlyForDeploymentPostprocessing = 0;
		};
/* End PBXResourcesBuildPhase section */

/* Begin PBXSourcesBuildPhase section */
		18D8F9872650F3F600023282 /* Sources */ = {
			isa = PBXSourcesBuildPhase;
			buildActionMask = 2147483647;
			files = (
				7CA22E98265235660010C7D7 /* ApiServices.swift in Sources */,
				18EE728826513B5400B564E7 /* NetworkUtil.swift in Sources */,
				18D8F9992650F3F600023282 /* SwiftDemo.xcdatamodeld in Sources */,
				7CB71F3A26535EE10084279C /* QuarterlyMobileDataUsage.swift in Sources */,
				18D8F9932650F3F600023282 /* ViewController.swift in Sources */,
				7CCF94422654A39800FCD895 /* YearMobileDataUsage.swift in Sources */,
				18D8F98F2650F3F600023282 /* AppDelegate.swift in Sources */,
				7CB71F5F2653B37D0084279C /* CustomCell.swift in Sources */,
				18D8F9912650F3F600023282 /* SceneDelegate.swift in Sources */,
			);
			runOnlyForDeploymentPostprocessing = 0;
		};
		18D8F9A02650F3F900023282 /* Sources */ = {
			isa = PBXSourcesBuildPhase;
			buildActionMask = 2147483647;
			files = (
				18D8F9A92650F3F900023282 /* SwiftDemoTests.swift in Sources */,
			);
			runOnlyForDeploymentPostprocessing = 0;
		};
		18D8F9AB2650F3F900023282 /* Sources */ = {
			isa = PBXSourcesBuildPhase;
			buildActionMask = 2147483647;
			files = (
				18D8F9B42650F3F900023282 /* SwiftDemoUITests.swift in Sources */,
			);
			runOnlyForDeploymentPostprocessing = 0;
		};
/* End PBXSourcesBuildPhase section */

/* Begin PBXTargetDependency section */
		18D8F9A62650F3F900023282 /* PBXTargetDependency */ = {
			isa = PBXTargetDependency;
			target = 18D8F98A2650F3F600023282 /* SwiftDemo */;
			targetProxy = 18D8F9A52650F3F900023282 /* PBXContainerItemProxy */;
		};
		18D8F9B12650F3F900023282 /* PBXTargetDependency */ = {
			isa = PBXTargetDependency;
			target = 18D8F98A2650F3F600023282 /* SwiftDemo */;
			targetProxy = 18D8F9B02650F3F900023282 /* PBXContainerItemProxy */;
		};
/* End PBXTargetDependency section */

/* Begin PBXVariantGroup section */
		18D8F9942650F3F600023282 /* Main.storyboard */ = {
			isa = PBXVariantGroup;
			children = (
				18D8F9952650F3F600023282 /* Base */,
			);
			name = Main.storyboard;
			sourceTree = "<group>";
		};
		18D8F99C2650F3F900023282 /* LaunchScreen.storyboard */ = {
			isa = PBXVariantGroup;
			children = (
				18D8F99D2650F3F900023282 /* Base */,
			);
			name = LaunchScreen.storyboard;
			sourceTree = "<group>";
		};
/* End PBXVariantGroup section */

/* Begin XCBuildConfiguration section */
		18D8F9B62650F3F900023282 /* Debug */ = {
			isa = XCBuildConfiguration;
			buildSettings = {
				ALWAYS_SEARCH_USER_PATHS = NO;
				CLANG_ANALYZER_NONNULL = YES;
				CLANG_ANALYZER_NUMBER_OBJECT_CONVERSION = YES_AGGRESSIVE;
				CLANG_CXX_LANGUAGE_STANDARD = "gnu++14";
				CLANG_CXX_LIBRARY = "libc++";
				CLANG_ENABLE_MODULES = YES;
				CLANG_ENABLE_OBJC_ARC = YES;
				CLANG_ENABLE_OBJC_WEAK = YES;
				CLANG_WARN_BLOCK_CAPTURE_AUTORELEASING = YES;
				CLANG_WARN_BOOL_CONVERSION = YES;
				CLANG_WARN_COMMA = YES;
				CLANG_WARN_CONSTANT_CONVERSION = YES;
				CLANG_WARN_DEPRECATED_OBJC_IMPLEMENTATIONS = YES;
				CLANG_WARN_DIRECT_OBJC_ISA_USAGE = YES_ERROR;
				CLANG_WARN_DOCUMENTATION_COMMENTS = YES;
				CLANG_WARN_EMPTY_BODY = YES;
				CLANG_WARN_ENUM_CONVERSION = YES;
				CLANG_WARN_INFINITE_RECURSION = YES;
				CLANG_WARN_INT_CONVERSION = YES;
				CLANG_WARN_NON_LITERAL_NULL_CONVERSION = YES;
				CLANG_WARN_OBJC_IMPLICIT_RETAIN_SELF = YES;
				CLANG_WARN_OBJC_LITERAL_CONVERSION = YES;
				CLANG_WARN_OBJC_ROOT_CLASS = YES_ERROR;
				CLANG_WARN_QUOTED_INCLUDE_IN_FRAMEWORK_HEADER = YES;
				CLANG_WARN_RANGE_LOOP_ANALYSIS = YES;
				CLANG_WARN_STRICT_PROTOTYPES = YES;
				CLANG_WARN_SUSPICIOUS_MOVE = YES;
				CLANG_WARN_UNGUARDED_AVAILABILITY = YES_AGGRESSIVE;
				CLANG_WARN_UNREACHABLE_CODE = YES;
				CLANG_WARN__DUPLICATE_METHOD_MATCH = YES;
				COPY_PHASE_STRIP = NO;
				DEBUG_INFORMATION_FORMAT = dwarf;
				ENABLE_STRICT_OBJC_MSGSEND = YES;
				ENABLE_TESTABILITY = YES;
				GCC_C_LANGUAGE_STANDARD = gnu11;
				GCC_DYNAMIC_NO_PIC = NO;
				GCC_NO_COMMON_BLOCKS = YES;
				GCC_OPTIMIZATION_LEVEL = 0;
				GCC_PREPROCESSOR_DEFINITIONS = (
					"DEBUG=1",
					"$(inherited)",
				);
				GCC_WARN_64_TO_32_BIT_CONVERSION = YES;
				GCC_WARN_ABOUT_RETURN_TYPE = YES_ERROR;
				GCC_WARN_UNDECLARED_SELECTOR = YES;
				GCC_WARN_UNINITIALIZED_AUTOS = YES_AGGRESSIVE;
				GCC_WARN_UNUSED_FUNCTION = YES;
				GCC_WARN_UNUSED_VARIABLE = YES;
				IPHONEOS_DEPLOYMENT_TARGET = 13.0;
				MTL_ENABLE_DEBUG_INFO = INCLUDE_SOURCE;
				MTL_FAST_MATH = YES;
				ONLY_ACTIVE_ARCH = YES;
				SDKROOT = iphoneos;
				SWIFT_ACTIVE_COMPILATION_CONDITIONS = DEBUG;
				SWIFT_OPTIMIZATION_LEVEL = "-Onone";
			};
			name = Debug;
		};
		18D8F9B72650F3F900023282 /* Release */ = {
			isa = XCBuildConfiguration;
			buildSettings = {
				ALWAYS_SEARCH_USER_PATHS = NO;
				CLANG_ANALYZER_NONNULL = YES;
				CLANG_ANALYZER_NUMBER_OBJECT_CONVERSION = YES_AGGRESSIVE;
				CLANG_CXX_LANGUAGE_STANDARD = "gnu++14";
				CLANG_CXX_LIBRARY = "libc++";
				CLANG_ENABLE_MODULES = YES;
				CLANG_ENABLE_OBJC_ARC = YES;
				CLANG_ENABLE_OBJC_WEAK = YES;
				CLANG_WARN_BLOCK_CAPTURE_AUTORELEASING = YES;
				CLANG_WARN_BOOL_CONVERSION = YES;
				CLANG_WARN_COMMA = YES;
				CLANG_WARN_CONSTANT_CONVERSION = YES;
				CLANG_WARN_DEPRECATED_OBJC_IMPLEMENTATIONS = YES;
				CLANG_WARN_DIRECT_OBJC_ISA_USAGE = YES_ERROR;
				CLANG_WARN_DOCUMENTATION_COMMENTS = YES;
				CLANG_WARN_EMPTY_BODY = YES;
				CLANG_WARN_ENUM_CONVERSION = YES;
				CLANG_WARN_INFINITE_RECURSION = YES;
				CLANG_WARN_INT_CONVERSION = YES;
				CLANG_WARN_NON_LITERAL_NULL_CONVERSION = YES;
				CLANG_WARN_OBJC_IMPLICIT_RETAIN_SELF = YES;
				CLANG_WARN_OBJC_LITERAL_CONVERSION = YES;
				CLANG_WARN_OBJC_ROOT_CLASS = YES_ERROR;
				CLANG_WARN_QUOTED_INCLUDE_IN_FRAMEWORK_HEADER = YES;
				CLANG_WARN_RANGE_LOOP_ANALYSIS = YES;
				CLANG_WARN_STRICT_PROTOTYPES = YES;
				CLANG_WARN_SUSPICIOUS_MOVE = YES;
				CLANG_WARN_UNGUARDED_AVAILABILITY = YES_AGGRESSIVE;
				CLANG_WARN_UNREACHABLE_CODE = YES;
				CLANG_WARN__DUPLICATE_METHOD_MATCH = YES;
				COPY_PHASE_STRIP = NO;
				DEBUG_INFORMATION_FORMAT = "dwarf-with-dsym";
				ENABLE_NS_ASSERTIONS = NO;
				ENABLE_STRICT_OBJC_MSGSEND = YES;
				GCC_C_LANGUAGE_STANDARD = gnu11;
				GCC_NO_COMMON_BLOCKS = YES;
				GCC_WARN_64_TO_32_BIT_CONVERSION = YES;
				GCC_WARN_ABOUT_RETURN_TYPE = YES_ERROR;
				GCC_WARN_UNDECLARED_SELECTOR = YES;
				GCC_WARN_UNINITIALIZED_AUTOS = YES_AGGRESSIVE;
				GCC_WARN_UNUSED_FUNCTION = YES;
				GCC_WARN_UNUSED_VARIABLE = YES;
				IPHONEOS_DEPLOYMENT_TARGET = 13.0;
				MTL_ENABLE_DEBUG_INFO = NO;
				MTL_FAST_MATH = YES;
				SDKROOT = iphoneos;
				SWIFT_COMPILATION_MODE = wholemodule;
				SWIFT_OPTIMIZATION_LEVEL = "-O";
				VALIDATE_PRODUCT = YES;
			};
			name = Release;
		};
		18D8F9B92650F3F900023282 /* Debug */ = {
			isa = XCBuildConfiguration;
			buildSettings = {
				ASSETCATALOG_COMPILER_APPICON_NAME = AppIcon;
				ASSETCATALOG_COMPILER_GLOBAL_ACCENT_COLOR_NAME = AccentColor;
				CODE_SIGN_STYLE = Automatic;
				DEVELOPMENT_TEAM = 7DGSTURDTS;
				INFOPLIST_FILE = SwiftDemo/Info.plist;
				LD_RUNPATH_SEARCH_PATHS = (
					"$(inherited)",
					"@executable_path/Frameworks",
				);
				PRODUCT_BUNDLE_IDENTIFIER = zhulei.SwiftDemo;
				PRODUCT_NAME = "$(TARGET_NAME)";
				SWIFT_VERSION = 5.0;
				TARGETED_DEVICE_FAMILY = "1,2";
			};
			name = Debug;
		};
		18D8F9BA2650F3F900023282 /* Release */ = {
			isa = XCBuildConfiguration;
			buildSettings = {
				ASSETCATALOG_COMPILER_APPICON_NAME = AppIcon;
				ASSETCATALOG_COMPILER_GLOBAL_ACCENT_COLOR_NAME = AccentColor;
				CODE_SIGN_STYLE = Automatic;
				DEVELOPMENT_TEAM = 7DGSTURDTS;
				INFOPLIST_FILE = SwiftDemo/Info.plist;
				LD_RUNPATH_SEARCH_PATHS = (
					"$(inherited)",
					"@executable_path/Frameworks",
				);
				PRODUCT_BUNDLE_IDENTIFIER = zhulei.SwiftDemo;
				PRODUCT_NAME = "$(TARGET_NAME)";
				SWIFT_VERSION = 5.0;
				TARGETED_DEVICE_FAMILY = "1,2";
			};
			name = Release;
		};
		18D8F9BC2650F3F900023282 /* Debug */ = {
			isa = XCBuildConfiguration;
			buildSettings = {
				ALWAYS_EMBED_SWIFT_STANDARD_LIBRARIES = YES;
				BUNDLE_LOADER = "$(TEST_HOST)";
				CODE_SIGN_STYLE = Automatic;
				DEVELOPMENT_TEAM = 7DGSTURDTS;
				INFOPLIST_FILE = SwiftDemoTests/Info.plist;
				IPHONEOS_DEPLOYMENT_TARGET = 14.3;
				LD_RUNPATH_SEARCH_PATHS = (
					"$(inherited)",
					"@executable_path/Frameworks",
					"@loader_path/Frameworks",
				);
				PRODUCT_BUNDLE_IDENTIFIER = zhulei.SwiftDemoTests;
				PRODUCT_NAME = "$(TARGET_NAME)";
				SWIFT_VERSION = 5.0;
				TARGETED_DEVICE_FAMILY = "1,2";
				TEST_HOST = "$(BUILT_PRODUCTS_DIR)/SwiftDemo.app/SwiftDemo";
			};
			name = Debug;
		};
		18D8F9BD2650F3F900023282 /* Release */ = {
			isa = XCBuildConfiguration;
			buildSettings = {
				ALWAYS_EMBED_SWIFT_STANDARD_LIBRARIES = YES;
				BUNDLE_LOADER = "$(TEST_HOST)";
				CODE_SIGN_STYLE = Automatic;
				DEVELOPMENT_TEAM = 7DGSTURDTS;
				INFOPLIST_FILE = SwiftDemoTests/Info.plist;
				IPHONEOS_DEPLOYMENT_TARGET = 14.3;
				LD_RUNPATH_SEARCH_PATHS = (
					"$(inherited)",
					"@executable_path/Frameworks",
					"@loader_path/Frameworks",
				);
				PRODUCT_BUNDLE_IDENTIFIER = zhulei.SwiftDemoTests;
				PRODUCT_NAME = "$(TARGET_NAME)";
				SWIFT_VERSION = 5.0;
				TARGETED_DEVICE_FAMILY = "1,2";
				TEST_HOST = "$(BUILT_PRODUCTS_DIR)/SwiftDemo.app/SwiftDemo";
			};
			name = Release;
		};
		18D8F9BF2650F3F900023282 /* Debug */ = {
			isa = XCBuildConfiguration;
			buildSettings = {
				ALWAYS_EMBED_SWIFT_STANDARD_LIBRARIES = YES;
				CODE_SIGN_STYLE = Automatic;
				DEVELOPMENT_TEAM = 7DGSTURDTS;
				INFOPLIST_FILE = SwiftDemoUITests/Info.plist;
				LD_RUNPATH_SEARCH_PATHS = (
					"$(inherited)",
					"@executable_path/Frameworks",
					"@loader_path/Frameworks",
				);
				PRODUCT_BUNDLE_IDENTIFIER = zhulei.SwiftDemoUITests;
				PRODUCT_NAME = "$(TARGET_NAME)";
				SWIFT_VERSION = 5.0;
				TARGETED_DEVICE_FAMILY = "1,2";
				TEST_TARGET_NAME = SwiftDemo;
			};
			name = Debug;
		};
		18D8F9C02650F3F900023282 /* Release */ = {
			isa = XCBuildConfiguration;
			buildSettings = {
				ALWAYS_EMBED_SWIFT_STANDARD_LIBRARIES = YES;
				CODE_SIGN_STYLE = Automatic;
				DEVELOPMENT_TEAM = 7DGSTURDTS;
				INFOPLIST_FILE = SwiftDemoUITests/Info.plist;
				LD_RUNPATH_SEARCH_PATHS = (
					"$(inherited)",
					"@executable_path/Frameworks",
					"@loader_path/Frameworks",
				);
				PRODUCT_BUNDLE_IDENTIFIER = zhulei.SwiftDemoUITests;
				PRODUCT_NAME = "$(TARGET_NAME)";
				SWIFT_VERSION = 5.0;
				TARGETED_DEVICE_FAMILY = "1,2";
				TEST_TARGET_NAME = SwiftDemo;
			};
			name = Release;
		};
/* End XCBuildConfiguration section */

/* Begin XCConfigurationList section */
		18D8F9862650F3F600023282 /* Build configuration list for PBXProject "SwiftDemo" */ = {
			isa = XCConfigurationList;
			buildConfigurations = (
				18D8F9B62650F3F900023282 /* Debug */,
				18D8F9B72650F3F900023282 /* Release */,
			);
			defaultConfigurationIsVisible = 0;
			defaultConfigurationName = Release;
		};
		18D8F9B82650F3F900023282 /* Build configuration list for PBXNativeTarget "SwiftDemo" */ = {
			isa = XCConfigurationList;
			buildConfigurations = (
				18D8F9B92650F3F900023282 /* Debug */,
				18D8F9BA2650F3F900023282 /* Release */,
			);
			defaultConfigurationIsVisible = 0;
			defaultConfigurationName = Release;
		};
		18D8F9BB2650F3F900023282 /* Build configuration list for PBXNativeTarget "SwiftDemoTests" */ = {
			isa = XCConfigurationList;
			buildConfigurations = (
				18D8F9BC2650F3F900023282 /* Debug */,
				18D8F9BD2650F3F900023282 /* Release */,
			);
			defaultConfigurationIsVisible = 0;
			defaultConfigurationName = Release;
		};
		18D8F9BE2650F3F900023282 /* Build configuration list for PBXNativeTarget "SwiftDemoUITests" */ = {
			isa = XCConfigurationList;
			buildConfigurations = (
				18D8F9BF2650F3F900023282 /* Debug */,
				18D8F9C02650F3F900023282 /* Release */,
			);
			defaultConfigurationIsVisible = 0;
			defaultConfigurationName = Release;
		};
/* End XCConfigurationList section */

/* Begin XCVersionGroup section */
		18D8F9972650F3F600023282 /* SwiftDemo.xcdatamodeld */ = {
			isa = XCVersionGroup;
			children = (
				18D8F9982650F3F600023282 /* SwiftDemo.xcdatamodel */,
			);
			currentVersion = 18D8F9982650F3F600023282 /* SwiftDemo.xcdatamodel */;
			path = SwiftDemo.xcdatamodeld;
			sourceTree = "<group>";
			versionGroupType = wrapper.xcdatamodel;
		};
/* End XCVersionGroup section */
	};
	rootObject = 18D8F9832650F3F600023282 /* Project object */;
}
